
Microsoft Visual Studio Solution File, Format Version 12.00
# Visual Studio 15
VisualStudioVersion = 15.0.28307.168
MinimumVisualStudioVersion = 10.0.40219.1
Project("{FAE04EC0-301F-11D3-BF4B-00C04F79EFBC}") = "BookByMail", "BookByMail\BookByMail.csproj", "{41A84406-8777-4264-8A17-5E80982D8AE1}"
EndProject
Global
	GlobalSection(SolutionConfigurationPlatforms) = preSolution
		Debug|Any CPU = Debug|Any CPU
		Release|Any CPU = Release|Any CPU
	EndGlobalSection
	GlobalSection(ProjectConfigurationPlatforms) = postSolution
		{41A84406-8777-4264-8A17-5E80982D8AE1}.Debug|Any CPU.ActiveCfg = Debug|Any CPU
		{41A84406-8777-4264-8A17-5E80982D8AE1}.Debug|Any CPU.Build.0 = Debug|Any CPU
		{41A84406-8777-4264-8A17-5E80982D8AE1}.Release|Any CPU.ActiveCfg = Release|Any CPU
		{41A84406-8777-4264-8A17-5E80982D8AE1}.Release|Any CPU.Build.0 = Release|Any CPU
	EndGlobalSection
	GlobalSection(SolutionProperties) = preSolution
		HideSolutionNode = FALSE
	EndGlobalSection
	GlobalSection(ExtensibilityGlobals) = postSolution
		SolutionGuid = {6F0FB10B-91BB-4EFF-A38D-3FAF27D779E0}
	EndGlobalSection
EndGlobal
